// !$*UTF8*$!
{
	archiveVersion = 1;
	classes = {
	};
	objectVersion = 46;
	objects = {

/* Begin PBXBuildFile section */
		419CFD00192BE27D00E5B337 /* Foundation.framework in Frameworks */ = {isa = PBXBuildFile; fileRef = 419CFCFF192BE27D00E5B337 /* Foundation.framework */; };
		419CFD02192BE27D00E5B337 /* CoreGraphics.framework in Frameworks */ = {isa = PBXBuildFile; fileRef = 419CFD01192BE27D00E5B337 /* CoreGraphics.framework */; };
		419CFD04192BE27D00E5B337 /* UIKit.framework in Frameworks */ = {isa = PBXBuildFile; fileRef = 419CFD03192BE27D00E5B337 /* UIKit.framework */; };
		419CFD0A192BE27D00E5B337 /* InfoPlist.strings in Resources */ = {isa = PBXBuildFile; fileRef = 419CFD08192BE27D00E5B337 /* InfoPlist.strings */; };
		419CFD0C192BE27D00E5B337 /* main.m in Sources */ = {isa = PBXBuildFile; fileRef = 419CFD0B192BE27D00E5B337 /* main.m */; };
		419CFD10192BE27D00E5B337 /* AppDelegate.m in Sources */ = {isa = PBXBuildFile; fileRef = 419CFD0F192BE27D00E5B337 /* AppDelegate.m */; };
		419CFD13192BE27D00E5B337 /* Main.storyboard in Resources */ = {isa = PBXBuildFile; fileRef = 419CFD11192BE27D00E5B337 /* Main.storyboard */; };
		419CFD16192BE27D00E5B337 /* ViewController.m in Sources */ = {isa = PBXBuildFile; fileRef = 419CFD15192BE27D00E5B337 /* ViewController.m */; };
		419CFD18192BE27D00E5B337 /* Images.xcassets in Resources */ = {isa = PBXBuildFile; fileRef = 419CFD17192BE27D00E5B337 /* Images.xcassets */; };
		419CFD1F192BE27D00E5B337 /* XCTest.framework in Frameworks */ = {isa = PBXBuildFile; fileRef = 419CFD1E192BE27D00E5B337 /* XCTest.framework */; };
		419CFD20192BE27D00E5B337 /* Foundation.framework in Frameworks */ = {isa = PBXBuildFile; fileRef = 419CFCFF192BE27D00E5B337 /* Foundation.framework */; };
		419CFD21192BE27D00E5B337 /* UIKit.framework in Frameworks */ = {isa = PBXBuildFile; fileRef = 419CFD03192BE27D00E5B337 /* UIKit.framework */; };
		419CFD29192BE27D00E5B337 /* InfoPlist.strings in Resources */ = {isa = PBXBuildFile; fileRef = 419CFD27192BE27D00E5B337 /* InfoPlist.strings */; };
		419CFD2B192BE27D00E5B337 /* FlyingPigTests.m in Sources */ = {isa = PBXBuildFile; fileRef = 419CFD2A192BE27D00E5B337 /* FlyingPigTests.m */; };
/* End PBXBuildFile section */

/* Begin PBXContainerItemProxy section */
		419CFD22192BE27D00E5B337 /* PBXContainerItemProxy */ = {
			isa = PBXContainerItemProxy;
			containerPortal = 419CFCF4192BE27D00E5B337 /* Project object */;
			proxyType = 1;
			remoteGlobalIDString = 419CFCFB192BE27D00E5B337;
			remoteInfo = FlyingPig;
		};
/* End PBXContainerItemProxy section */

/* Begin PBXFileReference section */
		419CFCFC192BE27D00E5B337 /* FlyingPig.app */ = {isa = PBXFileReference; explicitFileType = wrapper.application; includeInIndex = 0; path = FlyingPig.app; sourceTree = BUILT_PRODUCTS_DIR; };
		419CFCFF192BE27D00E5B337 /* Foundation.framework */ = {isa = PBXFileReference; lastKnownFileType = wrapper.framework; name = Foundation.framework; path = System/Library/Frameworks/Foundation.framework; sourceTree = SDKROOT; };
		419CFD01192BE27D00E5B337 /* CoreGraphics.framework */ = {isa = PBXFileReference; lastKnownFileType = wrapper.framework; name = CoreGraphics.framework; path = System/Library/Frameworks/CoreGraphics.framework; sourceTree = SDKROOT; };
		419CFD03192BE27D00E5B337 /* UIKit.framework */ = {isa = PBXFileReference; lastKnownFileType = wrapper.framework; name = UIKit.framework; path = System/Library/Frameworks/UIKit.framework; sourceTree = SDKROOT; };
		419CFD07192BE27D00E5B337 /* FlyingPig-Info.plist */ = {isa = PBXFileReference; lastKnownFileType = text.plist.xml; path = "FlyingPig-Info.plist"; sourceTree = "<group>"; };
		419CFD09192BE27D00E5B337 /* en */ = {isa = PBXFileReference; lastKnownFileType = text.plist.strings; name = en; path = en.lproj/InfoPlist.strings; sourceTree = "<group>"; };
		419CFD0B192BE27D00E5B337 /* main.m */ = {isa = PBXFileReference; lastKnownFileType = sourcecode.c.objc; path = main.m; sourceTree = "<group>"; };
		419CFD0D192BE27D00E5B337 /* FlyingPig-Prefix.pch */ = {isa = PBXFileReference; lastKnownFileType = sourcecode.c.h; path = "FlyingPig-Prefix.pch"; sourceTree = "<group>"; };
		419CFD0E192BE27D00E5B337 /* AppDelegate.h */ = {isa = PBXFileReference; lastKnownFileType = sourcecode.c.h; path = AppDelegate.h; sourceTree = "<group>"; };
		419CFD0F192BE27D00E5B337 /* AppDelegate.m */ = {isa = PBXFileReference; lastKnownFileType = sourcecode.c.objc; path = AppDelegate.m; sourceTree = "<group>"; };
		419CFD12192BE27D00E5B337 /* Base */ = {isa = PBXFileReference; lastKnownFileType = file.storyboard; name = Base; path = Base.lproj/Main.storyboard; sourceTree = "<group>"; };
		419CFD14192BE27D00E5B337 /* ViewController.h */ = {isa = PBXFileReference; lastKnownFileType = sourcecode.c.h; path = ViewController.h; sourceTree = "<group>"; };
		419CFD15192BE27D00E5B337 /* ViewController.m */ = {isa = PBXFileReference; lastKnownFileType = sourcecode.c.objc; path = ViewController.m; sourceTree = "<group>"; };
		419CFD17192BE27D00E5B337 /* Images.xcassets */ = {isa = PBXFileReference; lastKnownFileType = folder.assetcatalog; path = Images.xcassets; sourceTree = "<group>"; };
		419CFD1D192BE27D00E5B337 /* FlyingPigTests.xctest */ = {isa = PBXFileReference; explicitFileType = wrapper.cfbundle; includeInIndex = 0; path = FlyingPigTests.xctest; sourceTree = BUILT_PRODUCTS_DIR; };
		419CFD1E192BE27D00E5B337 /* XCTest.framework */ = {isa = PBXFileReference; lastKnownFileType = wrapper.framework; name = XCTest.framework; path = Library/Frameworks/XCTest.framework; sourceTree = DEVELOPER_DIR; };
		419CFD26192BE27D00E5B337 /* FlyingPigTests-Info.plist */ = {isa = PBXFileReference; lastKnownFileType = text.plist.xml; path = "FlyingPigTests-Info.plist"; sourceTree = "<group>"; };
		419CFD28192BE27D00E5B337 /* en */ = {isa = PBXFileReference; lastKnownFileType = text.plist.strings; name = en; path = en.lproj/InfoPlist.strings; sourceTree = "<group>"; };
		419CFD2A192BE27D00E5B337 /* FlyingPigTests.m */ = {isa = PBXFileReference; lastKnownFileType = sourcecode.c.objc; path = FlyingPigTests.m; sourceTree = "<group>"; };
/* End PBXFileReference section */

/* Begin PBXFrameworksBuildPhase section */
		419CFCF9192BE27D00E5B337 /* Frameworks */ = {
			isa = PBXFrameworksBuildPhase;
			buildActionMask = 2147483647;
			files = (
				419CFD02192BE27D00E5B337 /* CoreGraphics.framework in Frameworks */,
				419CFD04192BE27D00E5B337 /* UIKit.framework in Frameworks */,
				419CFD00192BE27D00E5B337 /* Foundation.framework in Frameworks */,
			);
			runOnlyForDeploymentPostprocessing = 0;
		};
		419CFD1A192BE27D00E5B337 /* Frameworks */ = {
			isa = PBXFrameworksBuildPhase;
			buildActionMask = 2147483647;
			files = (
				419CFD1F192BE27D00E5B337 /* XCTest.framework in Frameworks */,
				419CFD21192BE27D00E5B337 /* UIKit.framework in Frameworks */,
				419CFD20192BE27D00E5B337 /* Foundation.framework in Frameworks */,
			);
			runOnlyForDeploymentPostprocessing = 0;
		};
/* End PBXFrameworksBuildPhase section */

/* Begin PBXGroup section */
		419CFCF3192BE27D00E5B337 = {
			isa = PBXGroup;
			children = (
				419CFD05192BE27D00E5B337 /* FlyingPig */,
				419CFD24192BE27D00E5B337 /* FlyingPigTests */,
				419CFCFE192BE27D00E5B337 /* Frameworks */,
				419CFCFD192BE27D00E5B337 /* Products */,
			);
			sourceTree = "<group>";
		};
		419CFCFD192BE27D00E5B337 /* Products */ = {
			isa = PBXGroup;
			children = (
				419CFCFC192BE27D00E5B337 /* FlyingPig.app */,
				419CFD1D192BE27D00E5B337 /* FlyingPigTests.xctest */,
			);
			name = Products;
			sourceTree = "<group>";
		};
		419CFCFE192BE27D00E5B337 /* Frameworks */ = {
			isa = PBXGroup;
			children = (
				419CFCFF192BE27D00E5B337 /* Foundation.framework */,
				419CFD01192BE27D00E5B337 /* CoreGraphics.framework */,
				419CFD03192BE27D00E5B337 /* UIKit.framework */,
				419CFD1E192BE27D00E5B337 /* XCTest.framework */,
			);
			name = Frameworks;
			sourceTree = "<group>";
		};
		419CFD05192BE27D00E5B337 /* FlyingPig */ = {
			isa = PBXGroup;
			children = (
				419CFD0E192BE27D00E5B337 /* AppDelegate.h */,
				419CFD0F192BE27D00E5B337 /* AppDelegate.m */,
				419CFD11192BE27D00E5B337 /* Main.storyboard */,
				419CFD14192BE27D00E5B337 /* ViewController.h */,
				419CFD15192BE27D00E5B337 /* ViewController.m */,
				419CFD17192BE27D00E5B337 /* Images.xcassets */,
				419CFD06192BE27D00E5B337 /* Supporting Files */,
			);
			path = FlyingPig;
			sourceTree = "<group>";
		};
		419CFD06192BE27D00E5B337 /* Supporting Files */ = {
			isa = PBXGroup;
			children = (
				419CFD07192BE27D00E5B337 /* FlyingPig-Info.plist */,
				419CFD08192BE27D00E5B337 /* InfoPlist.strings */,
				419CFD0B192BE27D00E5B337 /* main.m */,
				419CFD0D192BE27D00E5B337 /* FlyingPig-Prefix.pch */,
			);
			name = "Supporting Files";
			sourceTree = "<group>";
		};
		419CFD24192BE27D00E5B337 /* FlyingPigTests */ = {
			isa = PBXGroup;
			children = (
				419CFD2A192BE27D00E5B337 /* FlyingPigTests.m */,
				419CFD25192BE27D00E5B337 /* Supporting Files */,
			);
			path = FlyingPigTests;
			sourceTree = "<group>";
		};
		419CFD25192BE27D00E5B337 /* Supporting Files */ = {
			isa = PBXGroup;
			children = (
				419CFD26192BE27D00E5B337 /* FlyingPigTests-Info.plist */,
				419CFD27192BE27D00E5B337 /* InfoPlist.strings */,
			);
			name = "Supporting Files";
			sourceTree = "<group>";
		};
/* End PBXGroup section */

/* Begin PBXNativeTarget section */
		419CFCFB192BE27D00E5B337 /* FlyingPig */ = {
			isa = PBXNativeTarget;
			buildConfigurationList = 419CFD2E192BE27D00E5B337 /* Build configuration list for PBXNativeTarget "FlyingPig" */;
			buildPhases = (
				419CFCF8192BE27D00E5B337 /* Sources */,
				419CFCF9192BE27D00E5B337 /* Frameworks */,
				419CFCFA192BE27D00E5B337 /* Resources */,
			);
			buildRules = (
			);
			dependencies = (
			);
			name = FlyingPig;
			productName = FlyingPig;
			productReference = 419CFCFC192BE27D00E5B337 /* FlyingPig.app */;
			productType = "com.apple.product-type.application";
		};
		419CFD1C192BE27D00E5B337 /* FlyingPigTests */ = {
			isa = PBXNativeTarget;
			buildConfigurationList = 419CFD31192BE27D00E5B337 /* Build configuration list for PBXNativeTarget "FlyingPigTests" */;
			buildPhases = (
				419CFD19192BE27D00E5B337 /* Sources */,
				419CFD1A192BE27D00E5B337 /* Frameworks */,
				419CFD1B192BE27D00E5B337 /* Resources */,
			);
			buildRules = (
			);
			dependencies = (
				419CFD23192BE27D00E5B337 /* PBXTargetDependency */,
			);
			name = FlyingPigTests;
			productName = FlyingPigTests;
			productReference = 419CFD1D192BE27D00E5B337 /* FlyingPigTests.xctest */;
			productType = "com.apple.product-type.bundle.unit-test";
		};
/* End PBXNativeTarget section */

/* Begin PBXProject section */
		419CFCF4192BE27D00E5B337 /* Project object */ = {
			isa = PBXProject;
			attributes = {
				LastUpgradeCheck = 0500;
				ORGANIZATIONNAME = AvocadoRunner;
				TargetAttributes = {
					419CFD1C192BE27D00E5B337 = {
						TestTargetID = 419CFCFB192BE27D00E5B337;
					};
				};
			};
			buildConfigurationList = 419CFCF7192BE27D00E5B337 /* Build configuration list for PBXProject "FlyingPig" */;
			compatibilityVersion = "Xcode 3.2";
			developmentRegion = English;
			hasScannedForEncodings = 0;
			knownRegions = (
				en,
				Base,
			);
			mainGroup = 419CFCF3192BE27D00E5B337;
			productRefGroup = 419CFCFD192BE27D00E5B337 /* Products */;
			projectDirPath = "";
			projectRoot = "";
			targets = (
				419CFCFB192BE27D00E5B337 /* FlyingPig */,
				419CFD1C192BE27D00E5B337 /* FlyingPigTests */,
			);
		};
/* End PBXProject section */

/* Begin PBXResourcesBuildPhase section */
		419CFCFA192BE27D00E5B337 /* Resources */ = {
			isa = PBXResourcesBuildPhase;
			buildActionMask = 2147483647;
			files = (
				419CFD18192BE27D00E5B337 /* Images.xcassets in Resources */,
				419CFD0A192BE27D00E5B337 /* InfoPlist.strings in Resources */,
				419CFD13192BE27D00E5B337 /* Main.storyboard in Resources */,
			);
			runOnlyForDeploymentPostprocessing = 0;
		};
		419CFD1B192BE27D00E5B337 /* Resources */ = {
			isa = PBXResourcesBuildPhase;
			buildActionMask = 2147483647;
			files = (
				419CFD29192BE27D00E5B337 /* InfoPlist.strings in Resources */,
			);
			runOnlyForDeploymentPostprocessing = 0;
		};
/* End PBXResourcesBuildPhase section */

/* Begin PBXSourcesBuildPhase section */
		419CFCF8192BE27D00E5B337 /* Sources */ = {
			isa = PBXSourcesBuildPhase;
			buildActionMask = 2147483647;
			files = (
				419CFD16192BE27D00E5B337 /* ViewController.m in Sources */,
				419CFD10192BE27D00E5B337 /* AppDelegate.m in Sources */,
				419CFD0C192BE27D00E5B337 /* main.m in Sources */,
			);
			runOnlyForDeploymentPostprocessing = 0;
		};
		419CFD19192BE27D00E5B337 /* Sources */ = {
			isa = PBXSourcesBuildPhase;
			buildActionMask = 2147483647;
			files = (
				419CFD2B192BE27D00E5B337 /* FlyingPigTests.m in Sources */,
			);
			runOnlyForDeploymentPostprocessing = 0;
		};
/* End PBXSourcesBuildPhase section */

/* Begin PBXTargetDependency section */
		419CFD23192BE27D00E5B337 /* PBXTargetDependency */ = {
			isa = PBXTargetDependency;
			target = 419CFCFB192BE27D00E5B337 /* FlyingPig */;
			targetProxy = 419CFD22192BE27D00E5B337 /* PBXContainerItemProxy */;
		};
/* End PBXTargetDependency section */

/* Begin PBXVariantGroup section */
		419CFD08192BE27D00E5B337 /* InfoPlist.strings */ = {
			isa = PBXVariantGroup;
			children = (
				419CFD09192BE27D00E5B337 /* en */,
			);
			name = InfoPlist.strings;
			sourceTree = "<group>";
		};
		419CFD11192BE27D00E5B337 /* Main.storyboard */ = {
			isa = PBXVariantGroup;
			children = (
				419CFD12192BE27D00E5B337 /* Base */,
			);
			name = Main.storyboard;
			sourceTree = "<group>";
		};
		419CFD27192BE27D00E5B337 /* InfoPlist.strings */ = {
			isa = PBXVariantGroup;
			children = (
				419CFD28192BE27D00E5B337 /* en */,
			);
			name = InfoPlist.strings;
			sourceTree = "<group>";
		};
/* End PBXVariantGroup section */

/* Begin XCBuildConfiguration section */
		419CFD2C192BE27D00E5B337 /* Debug */ = {
			isa = XCBuildConfiguration;
			buildSettings = {
				ALWAYS_SEARCH_USER_PATHS = NO;
				ARCHS = "$(ARCHS_STANDARD_INCLUDING_64_BIT)";
				CLANG_CXX_LANGUAGE_STANDARD = "gnu++0x";
				CLANG_CXX_LIBRARY = "libc++";
				CLANG_ENABLE_MODULES = YES;
				CLANG_ENABLE_OBJC_ARC = YES;
				CLANG_WARN_BOOL_CONVERSION = YES;
				CLANG_WARN_CONSTANT_CONVERSION = YES;
				CLANG_WARN_DIRECT_OBJC_ISA_USAGE = YES_ERROR;
				CLANG_WARN_EMPTY_BODY = YES;
				CLANG_WARN_ENUM_CONVERSION = YES;
				CLANG_WARN_INT_CONVERSION = YES;
				CLANG_WARN_OBJC_ROOT_CLASS = YES_ERROR;
				CLANG_WARN__DUPLICATE_METHOD_MATCH = YES;
				"CODE_SIGN_IDENTITY[sdk=iphoneos*]" = "iPhone Developer";
				COPY_PHASE_STRIP = NO;
				GCC_C_LANGUAGE_STANDARD = gnu99;
				GCC_DYNAMIC_NO_PIC = NO;
				GCC_OPTIMIZATION_LEVEL = 0;
				GCC_PREPROCESSOR_DEFINITIONS = (
					"DEBUG=1",
					"$(inherited)",
				);
				GCC_SYMBOLS_PRIVATE_EXTERN = NO;
				GCC_WARN_64_TO_32_BIT_CONVERSION = YES;
				GCC_WARN_ABOUT_RETURN_TYPE = YES_ERROR;
				GCC_WARN_UNDECLARED_SELECTOR = YES;
				GCC_WARN_UNINITIALIZED_AUTOS = YES;
				GCC_WARN_UNUSED_FUNCTION = YES;
				GCC_WARN_UNUSED_VARIABLE = YES;
				IPHONEOS_DEPLOYMENT_TARGET = 7.0;
				ONLY_ACTIVE_ARCH = YES;
				SDKROOT = iphoneos;
			};
			name = Debug;
		};
		419CFD2D192BE27D00E5B337 /* Release */ = {
			isa = XCBuildConfiguration;
			buildSettings = {
				ALWAYS_SEARCH_USER_PATHS = NO;
				ARCHS = "$(ARCHS_STANDARD_INCLUDING_64_BIT)";
				CLANG_CXX_LANGUAGE_STANDARD = "gnu++0x";
				CLANG_CXX_LIBRARY = "libc++";
				CLANG_ENABLE_MODULES = YES;
				CLANG_ENABLE_OBJC_ARC = YES;
				CLANG_WARN_BOOL_CONVERSION = YES;
				CLANG_WARN_CONSTANT_CONVERSION = YES;
				CLANG_WARN_DIRECT_OBJC_ISA_USAGE = YES_ERROR;
				CLANG_WARN_EMPTY_BODY = YES;
				CLANG_WARN_ENUM_CONVERSION = YES;
				CLANG_WARN_INT_CONVERSION = YES;
				CLANG_WARN_OBJC_ROOT_CLASS = YES_ERROR;
				CLANG_WARN__DUPLICATE_METHOD_MATCH = YES;
				"CODE_SIGN_IDENTITY[sdk=iphoneos*]" = "iPhone Developer";
				COPY_PHASE_STRIP = YES;
				ENABLE_NS_ASSERTIONS = NO;
				GCC_C_LANGUAGE_STANDARD = gnu99;
				GCC_WARN_64_TO_32_BIT_CONVERSION = YES;
				GCC_WARN_ABOUT_RETURN_TYPE = YES_ERROR;
				GCC_WARN_UNDECLARED_SELECTOR = YES;
				GCC_WARN_UNINITIALIZED_AUTOS = YES;
				GCC_WARN_UNUSED_FUNCTION = YES;
				GCC_WARN_UNUSED_VARIABLE = YES;
				IPHONEOS_DEPLOYMENT_TARGET = 7.0;
				SDKROOT = iphoneos;
				VALIDATE_PRODUCT = YES;
			};
			name = Release;
		};
		419CFD2F192BE27D00E5B337 /* Debug */ = {
			isa = XCBuildConfiguration;
			buildSettings = {
				ASSETCATALOG_COMPILER_APPICON_NAME = AppIcon;
				ASSETCATALOG_COMPILER_LAUNCHIMAGE_NAME = LaunchImage;
				GCC_PRECOMPILE_PREFIX_HEADER = YES;
				GCC_PREFIX_HEADER = "FlyingPig/FlyingPig-Prefix.pch";
				INFOPLIST_FILE = "FlyingPig/FlyingPig-Info.plist";
				IPHONEOS_DEPLOYMENT_TARGET = 6.1;
				PRODUCT_NAME = "$(TARGET_NAME)";
				WRAPPER_EXTENSION = app;
			};
			name = Debug;
		};
		419CFD30192BE27D00E5B337 /* Release */ = {
			isa = XCBuildConfiguration;
			buildSettings = {
				ASSETCATALOG_COMPILER_APPICON_NAME = AppIcon;
				ASSETCATALOG_COMPILER_LAUNCHIMAGE_NAME = LaunchImage;
				GCC_PRECOMPILE_PREFIX_HEADER = YES;
				GCC_PREFIX_HEADER = "FlyingPig/FlyingPig-Prefix.pch";
				INFOPLIST_FILE = "FlyingPig/FlyingPig-Info.plist";
				IPHONEOS_DEPLOYMENT_TARGET = 6.1;
				PRODUCT_NAME = "$(TARGET_NAME)";
				WRAPPER_EXTENSION = app;
			};
			name = Release;
		};
		419CFD32192BE27D00E5B337 /* Debug */ = {
			isa = XCBuildConfiguration;
			buildSettings = {
				ARCHS = "$(ARCHS_STANDARD_INCLUDING_64_BIT)";
				BUNDLE_LOADER = "$(BUILT_PRODUCTS_DIR)/FlyingPig.app/FlyingPig";
				FRAMEWORK_SEARCH_PATHS = (
					"$(SDKROOT)/Developer/Library/Frameworks",
					"$(inherited)",
					"$(DEVELOPER_FRAMEWORKS_DIR)",
				);
				GCC_PRECOMPILE_PREFIX_HEADER = YES;
				GCC_PREFIX_HEADER = "FlyingPig/FlyingPig-Prefix.pch";
				GCC_PREPROCESSOR_DEFINITIONS = (
					"DEBUG=1",
					"$(inherited)",
				);
				INFOPLIST_FILE = "FlyingPigTests/FlyingPigTests-Info.plist";
				PRODUCT_NAME = "$(TARGET_NAME)";
				TEST_HOST = "$(BUNDLE_LOADER)";
				WRAPPER_EXTENSION = xctest;
			};
			name = Debug;
		};
		419CFD33192BE27D00E5B337 /* Release */ = {
			isa = XCBuildConfiguration;
			buildSettings = {
				ARCHS = "$(ARCHS_STANDARD_INCLUDING_64_BIT)";
				BUNDLE_LOADER = "$(BUILT_PRODUCTS_DIR)/FlyingPig.app/FlyingPig";
				FRAMEWORK_SEARCH_PATHS = (
					"$(SDKROOT)/Developer/Library/Frameworks",
					"$(inherited)",
					"$(DEVELOPER_FRAMEWORKS_DIR)",
				);
				GCC_PRECOMPILE_PREFIX_HEADER = YES;
				GCC_PREFIX_HEADER = "FlyingPig/FlyingPig-Prefix.pch";
				INFOPLIST_FILE = "FlyingPigTests/FlyingPigTests-Info.plist";
				PRODUCT_NAME = "$(TARGET_NAME)";
				TEST_HOST = "$(BUNDLE_LOADER)";
				WRAPPER_EXTENSION = xctest;
			};
			name = Release;
		};
/* End XCBuildConfiguration section */

/* Begin XCConfigurationList section */
		419CFCF7192BE27D00E5B337 /* Build configuration list for PBXProject "FlyingPig" */ = {
			isa = XCConfigurationList;
			buildConfigurations = (
				419CFD2C192BE27D00E5B337 /* Debug */,
				419CFD2D192BE27D00E5B337 /* Release */,
			);
			defaultConfigurationIsVisible = 0;
			defaultConfigurationName = Release;
		};
		419CFD2E192BE27D00E5B337 /* Build configuration list for PBXNativeTarget "FlyingPig" */ = {
			isa = XCConfigurationList;
			buildConfigurations = (
				419CFD2F192BE27D00E5B337 /* Debug */,
				419CFD30192BE27D00E5B337 /* Release */,
			);
			defaultConfigurationIsVisible = 0;
		};
		419CFD31192BE27D00E5B337 /* Build configuration list for PBXNativeTarget "FlyingPigTests" */ = {
			isa = XCConfigurationList;
			buildConfigurations = (
				419CFD32192BE27D00E5B337 /* Debug */,
				419CFD33192BE27D00E5B337 /* Release */,
			);
			defaultConfigurationIsVisible = 0;
		};
/* End XCConfigurationList section */
	};
	rootObject = 419CFCF4192BE27D00E5B337 /* Project object */;
}
